
Microsoft Visual Studio Solution File, Format Version 12.00
# Visual Studio Version 16
VisualStudioVersion = 16.0.30524.135
MinimumVisualStudioVersion = 10.0.40219.1
Project("{9A19103F-16F7-4668-BE54-9A1E7A4F7556}") = "Thermostat", "Thermostat\Thermostat.csproj", "{42453672-DF46-40F1-B8E9-650F37B26179}"
EndProject
Project("{9A19103F-16F7-4668-BE54-9A1E7A4F7556}") = "PnpHelpers", "PnpConvention\PnpHelpers.csproj", "{A150F6A9-3883-4F1C-A4B1-7BEB6D94D113}"
EndProject
Project("{9A19103F-16F7-4668-BE54-9A1E7A4F7556}") = "TemperatureController", "TemperatureController\TemperatureController.csproj", "{94550822-5528-4E87-8D8F-A44A78152E9E}"
EndProject
Global
	GlobalSection(SolutionConfigurationPlatforms) = preSolution
		Debug|Any CPU = Debug|Any CPU
		Release|Any CPU = Release|Any CPU
	EndGlobalSection
	GlobalSection(ProjectConfigurationPlatforms) = postSolution
		{42453672-DF46-40F1-B8E9-650F37B26179}.Debug|Any CPU.ActiveCfg = Debug|Any CPU
		{42453672-DF46-40F1-B8E9-650F37B26179}.Debug|Any CPU.Build.0 = Debug|Any CPU
		{42453672-DF46-40F1-B8E9-650F37B26179}.Release|Any CPU.ActiveCfg = Release|Any CPU
		{42453672-DF46-40F1-B8E9-650F37B26179}.Release|Any CPU.Build.0 = Release|Any CPU
		{A150F6A9-3883-4F1C-A4B1-7BEB6D94D113}.Debug|Any CPU.ActiveCfg = Debug|Any CPU
		{A150F6A9-3883-4F1C-A4B1-7BEB6D94D113}.Debug|Any CPU.Build.0 = Debug|Any CPU
		{A150F6A9-3883-4F1C-A4B1-7BEB6D94D113}.Release|Any CPU.ActiveCfg = Release|Any CPU
		{A150F6A9-3883-4F1C-A4B1-7BEB6D94D113}.Release|Any CPU.Build.0 = Release|Any CPU
		{94550822-5528-4E87-8D8F-A44A78152E9E}.Debug|Any CPU.ActiveCfg = Debug|Any CPU
		{94550822-5528-4E87-8D8F-A44A78152E9E}.Debug|Any CPU.Build.0 = Debug|Any CPU
		{94550822-5528-4E87-8D8F-A44A78152E9E}.Release|Any CPU.ActiveCfg = Release|Any CPU
		{94550822-5528-4E87-8D8F-A44A78152E9E}.Release|Any CPU.Build.0 = Release|Any CPU
	EndGlobalSection
	GlobalSection(SolutionProperties) = preSolution
		HideSolutionNode = FALSE
	EndGlobalSection
	GlobalSection(ExtensibilityGlobals) = postSolution
		SolutionGuid = {75465C0E-9345-4E64-924D-59FC78608FC4}
	EndGlobalSection
EndGlobal
