
Microsoft Visual Studio Solution File, Format Version 12.00
# Visual Studio Version 16
VisualStudioVersion = 16.0.30524.135
MinimumVisualStudioVersion = 10.0.40219.1
Project("{9A19103F-16F7-4668-BE54-9A1E7A4F7556}") = "pnp-dnd-device", "CentralSamples\pnp-dnd-device\pnp-dnd-device.csproj", "{599C8884-0D8F-4324-8285-7C9EC02C7C26}"
EndProject
Global
	GlobalSection(SolutionConfigurationPlatforms) = preSolution
		Debug|Any CPU = Debug|Any CPU
		Release|Any CPU = Release|Any CPU
	EndGlobalSection
	GlobalSection(ProjectConfigurationPlatforms) = postSolution
		{599C8884-0D8F-4324-8285-7C9EC02C7C26}.Debug|Any CPU.ActiveCfg = Debug|Any CPU
		{599C8884-0D8F-4324-8285-7C9EC02C7C26}.Debug|Any CPU.Build.0 = Debug|Any CPU
		{599C8884-0D8F-4324-8285-7C9EC02C7C26}.Release|Any CPU.ActiveCfg = Release|Any CPU
		{599C8884-0D8F-4324-8285-7C9EC02C7C26}.Release|Any CPU.Build.0 = Release|Any CPU
	EndGlobalSection
	GlobalSection(SolutionProperties) = preSolution
		HideSolutionNode = FALSE
	EndGlobalSection
	GlobalSection(ExtensibilityGlobals) = postSolution
		SolutionGuid = {27BC239E-392A-496C-9FCC-BDC4BD013B08}
	EndGlobalSection
EndGlobal
